
Microsoft Visual Studio Solution File, Format Version 12.00
# Visual Studio Version 17
VisualStudioVersion = 17.6.33815.320
MinimumVisualStudioVersion = 10.0.40219.1
Project("{9A19103F-16F7-4668-BE54-9A1E7A4F7556}") = "congestion-tax-calculator-net-core", "congestion-tax-calculator-net-core\congestion-tax-calculator-net-core.csproj", "{B3864F1E-0D1D-46B5-9243-4DE83C966DD1}"
EndProject
Project("{FAE04EC0-301F-11D3-BF4B-00C04F79EFBC}") = "congestion-tax-calculator-tests", "congestion-tax-calculator-tests\congestion-tax-calculator-tests.csproj", "{656D6D07-5176-492E-87A5-91BA5363AFAD}"
EndProject
Global
	GlobalSection(SolutionConfigurationPlatforms) = preSolution
		Debug|Any CPU = Debug|Any CPU
		Release|Any CPU = Release|Any CPU
	EndGlobalSection
	GlobalSection(ProjectConfigurationPlatforms) = postSolution
		{B3864F1E-0D1D-46B5-9243-4DE83C966DD1}.Debug|Any CPU.ActiveCfg = Debug|Any CPU
		{B3864F1E-0D1D-46B5-9243-4DE83C966DD1}.Debug|Any CPU.Build.0 = Debug|Any CPU
		{B3864F1E-0D1D-46B5-9243-4DE83C966DD1}.Release|Any CPU.ActiveCfg = Release|Any CPU
		{B3864F1E-0D1D-46B5-9243-4DE83C966DD1}.Release|Any CPU.Build.0 = Release|Any CPU
		{656D6D07-5176-492E-87A5-91BA5363AFAD}.Debug|Any CPU.ActiveCfg = Debug|Any CPU
		{656D6D07-5176-492E-87A5-91BA5363AFAD}.Debug|Any CPU.Build.0 = Debug|Any CPU
		{656D6D07-5176-492E-87A5-91BA5363AFAD}.Release|Any CPU.ActiveCfg = Release|Any CPU
		{656D6D07-5176-492E-87A5-91BA5363AFAD}.Release|Any CPU.Build.0 = Release|Any CPU
	EndGlobalSection
	GlobalSection(SolutionProperties) = preSolution
		HideSolutionNode = FALSE
	EndGlobalSection
	GlobalSection(ExtensibilityGlobals) = postSolution
		SolutionGuid = {FFF31E19-8814-4454-A872-F138AE8D13B0}
	EndGlobalSection
EndGlobal
